
Microsoft Visual Studio Solution File, Format Version 12.00
# Visual Studio 14
VisualStudioVersion = 14.0.25420.1
MinimumVisualStudioVersion = 10.0.40219.1
Project("{FAE04EC0-301F-11D3-BF4B-00C04F79EFBC}") = "TiroAlBlancoConsolaApp", "TiroAlBlancoConsolaApp\TiroAlBlancoConsolaApp.csproj", "{1DAC215D-55AB-4648-9C4F-81B0EA0E9890}"
EndProject
Project("{FAE04EC0-301F-11D3-BF4B-00C04F79EFBC}") = "TiroAlBlancoModel", "TiroAlBlancoModel\TiroAlBlancoModel.csproj", "{E2EA4DC3-60B4-4020-A316-EED3177FB0C8}"
EndProject
Project("{FAE04EC0-301F-11D3-BF4B-00C04F79EFBC}") = "TiroAlBlancoTest", "TiroAlBlancoTest\TiroAlBlancoTest.csproj", "{6EBCD70B-3871-4175-84F6-C0182E141903}"
EndProject
Global
	GlobalSection(SolutionConfigurationPlatforms) = preSolution
		Debug|Any CPU = Debug|Any CPU
		Release|Any CPU = Release|Any CPU
	EndGlobalSection
	GlobalSection(ProjectConfigurationPlatforms) = postSolution
		{1DAC215D-55AB-4648-9C4F-81B0EA0E9890}.Debug|Any CPU.ActiveCfg = Debug|Any CPU
		{1DAC215D-55AB-4648-9C4F-81B0EA0E9890}.Debug|Any CPU.Build.0 = Debug|Any CPU
		{1DAC215D-55AB-4648-9C4F-81B0EA0E9890}.Release|Any CPU.ActiveCfg = Release|Any CPU
		{1DAC215D-55AB-4648-9C4F-81B0EA0E9890}.Release|Any CPU.Build.0 = Release|Any CPU
		{E2EA4DC3-60B4-4020-A316-EED3177FB0C8}.Debug|Any CPU.ActiveCfg = Debug|Any CPU
		{E2EA4DC3-60B4-4020-A316-EED3177FB0C8}.Debug|Any CPU.Build.0 = Debug|Any CPU
		{E2EA4DC3-60B4-4020-A316-EED3177FB0C8}.Release|Any CPU.ActiveCfg = Release|Any CPU
		{E2EA4DC3-60B4-4020-A316-EED3177FB0C8}.Release|Any CPU.Build.0 = Release|Any CPU
		{6EBCD70B-3871-4175-84F6-C0182E141903}.Debug|Any CPU.ActiveCfg = Debug|Any CPU
		{6EBCD70B-3871-4175-84F6-C0182E141903}.Debug|Any CPU.Build.0 = Debug|Any CPU
		{6EBCD70B-3871-4175-84F6-C0182E141903}.Release|Any CPU.ActiveCfg = Release|Any CPU
		{6EBCD70B-3871-4175-84F6-C0182E141903}.Release|Any CPU.Build.0 = Release|Any CPU
	EndGlobalSection
	GlobalSection(SolutionProperties) = preSolution
		HideSolutionNode = FALSE
	EndGlobalSection
	GlobalSection(TeamFoundationVersionControl) = preSolution
		SccNumberOfProjects = 4
		SccEnterpriseProvider = {4CA58AB2-18FA-4F8D-95D4-32DDF27D184C}
		SccTeamFoundationServer = http://150.214.150.139:8080/tfs/2016-pss-alumnos
		SccLocalPath0 = .
		SccProjectUniqueName1 = TiroAlBlancoConsolaApp\\TiroAlBlancoConsolaApp.csproj
		SccProjectName1 = TiroAlBlancoConsolaApp
		SccLocalPath1 = TiroAlBlancoConsolaApp
		SccProjectUniqueName2 = TiroAlBlancoModel\\TiroAlBlancoModel.csproj
		SccProjectName2 = TiroAlBlancoModel
		SccLocalPath2 = TiroAlBlancoModel
		SccProjectUniqueName3 = TiroAlBlancoTest\\TiroAlBlancoTest.csproj
		SccProjectName3 = TiroAlBlancoTest
		SccLocalPath3 = TiroAlBlancoTest
	EndGlobalSection
EndGlobal
